
Microsoft Visual Studio Solution File, Format Version 12.00
# Visual Studio Version 17
VisualStudioVersion = 17.3.32922.545
MinimumVisualStudioVersion = 10.0.40219.1
Project("{FAE04EC0-301F-11D3-BF4B-00C04F79EFBC}") = "WinFormsApp1", "WinFormsApp1\WinFormsApp1.csproj", "{DDC23D9C-9521-4584-820A-465E88791844}"
EndProject
Global
	GlobalSection(SolutionConfigurationPlatforms) = preSolution
		Debug|Any CPU = Debug|Any CPU
		Release|Any CPU = Release|Any CPU
	EndGlobalSection
	GlobalSection(ProjectConfigurationPlatforms) = postSolution
		{DDC23D9C-9521-4584-820A-465E88791844}.Debug|Any CPU.ActiveCfg = Debug|Any CPU
		{DDC23D9C-9521-4584-820A-465E88791844}.Debug|Any CPU.Build.0 = Debug|Any CPU
		{DDC23D9C-9521-4584-820A-465E88791844}.Release|Any CPU.ActiveCfg = Release|Any CPU
		{DDC23D9C-9521-4584-820A-465E88791844}.Release|Any CPU.Build.0 = Release|Any CPU
	EndGlobalSection
	GlobalSection(SolutionProperties) = preSolution
		HideSolutionNode = FALSE
	EndGlobalSection
	GlobalSection(ExtensibilityGlobals) = postSolution
		SolutionGuid = {CEE4195F-39DD-4E49-9500-D1840C49E141}
	EndGlobalSection
EndGlobal
