
Microsoft Visual Studio Solution File, Format Version 12.00
# Visual Studio Version 17
VisualStudioVersion = 17.3.32922.545
MinimumVisualStudioVersion = 10.0.40219.1
Project("{FAE04EC0-301F-11D3-BF4B-00C04F79EFBC}") = "YouTubeDemo3", "YouTubeDemo3\YouTubeDemo3.csproj", "{6EEC208A-75DF-43EE-B1E3-5CFF7DBEB964}"
EndProject
Global
	GlobalSection(SolutionConfigurationPlatforms) = preSolution
		Debug|Any CPU = Debug|Any CPU
		Release|Any CPU = Release|Any CPU
	EndGlobalSection
	GlobalSection(ProjectConfigurationPlatforms) = postSolution
		{6EEC208A-75DF-43EE-B1E3-5CFF7DBEB964}.Debug|Any CPU.ActiveCfg = Debug|Any CPU
		{6EEC208A-75DF-43EE-B1E3-5CFF7DBEB964}.Debug|Any CPU.Build.0 = Debug|Any CPU
		{6EEC208A-75DF-43EE-B1E3-5CFF7DBEB964}.Release|Any CPU.ActiveCfg = Release|Any CPU
		{6EEC208A-75DF-43EE-B1E3-5CFF7DBEB964}.Release|Any CPU.Build.0 = Release|Any CPU
	EndGlobalSection
	GlobalSection(SolutionProperties) = preSolution
		HideSolutionNode = FALSE
	EndGlobalSection
	GlobalSection(ExtensibilityGlobals) = postSolution
		SolutionGuid = {B745C9B0-F297-4AF8-8C20-A1CB6DE5EF2F}
	EndGlobalSection
EndGlobal
